
Microsoft Visual Studio Solution File, Format Version 12.00
# Visual Studio Version 16
VisualStudioVersion = 16.0.30717.126
MinimumVisualStudioVersion = 10.0.40219.1
Project("{FAE04EC0-301F-11D3-BF4B-00C04F79EFBC}") = "Net5Auth", "Net5Auth.csproj", "{D5C96E0D-BAE9-45BB-8B47-C337DE7239B3}"
EndProject
Global
	GlobalSection(SolutionConfigurationPlatforms) = preSolution
		Debug|Any CPU = Debug|Any CPU
		Release|Any CPU = Release|Any CPU
	EndGlobalSection
	GlobalSection(ProjectConfigurationPlatforms) = postSolution
		{D5C96E0D-BAE9-45BB-8B47-C337DE7239B3}.Debug|Any CPU.ActiveCfg = Debug|Any CPU
		{D5C96E0D-BAE9-45BB-8B47-C337DE7239B3}.Debug|Any CPU.Build.0 = Debug|Any CPU
		{D5C96E0D-BAE9-45BB-8B47-C337DE7239B3}.Release|Any CPU.ActiveCfg = Release|Any CPU
		{D5C96E0D-BAE9-45BB-8B47-C337DE7239B3}.Release|Any CPU.Build.0 = Release|Any CPU
	EndGlobalSection
	GlobalSection(SolutionProperties) = preSolution
		HideSolutionNode = FALSE
	EndGlobalSection
	GlobalSection(ExtensibilityGlobals) = postSolution
		SolutionGuid = {264BB412-4E08-48C4-9A98-4722C95ECE1D}
	EndGlobalSection
EndGlobal
